
Microsoft Visual Studio Solution File, Format Version 12.00
# Visual Studio 14
VisualStudioVersion = 14.0.22013.1
MinimumVisualStudioVersion = 10.0.40219.1
Project("{8BC9CEB8-8B4A-11D0-8D11-00A0C91BC942}") = "clr_host", "clr_host.vcxproj", "{D0C474AC-3836-47E9-BDA3-05B4DC9CF60D}"
EndProject
Project("{FAE04EC0-301F-11D3-BF4B-00C04F79EFBC}") = "clr_app", "..\clr_app\clr_app.csproj", "{31DB4F06-CC3F-4F4D-8178-A84E9462BDEF}"
EndProject
Global
	GlobalSection(SolutionConfigurationPlatforms) = preSolution
		Debug|Any CPU = Debug|Any CPU
		Debug|ARM = Debug|ARM
		Debug|Mixed Platforms = Debug|Mixed Platforms
		Debug|Win32 = Debug|Win32
		Debug|x86 = Debug|x86
		Release|Any CPU = Release|Any CPU
		Release|ARM = Release|ARM
		Release|Mixed Platforms = Release|Mixed Platforms
		Release|Win32 = Release|Win32
		Release|x86 = Release|x86
	EndGlobalSection
	GlobalSection(ProjectConfigurationPlatforms) = postSolution
		{D0C474AC-3836-47E9-BDA3-05B4DC9CF60D}.Debug|Any CPU.ActiveCfg = Debug|Win32
		{D0C474AC-3836-47E9-BDA3-05B4DC9CF60D}.Debug|ARM.ActiveCfg = Debug|Win32
		{D0C474AC-3836-47E9-BDA3-05B4DC9CF60D}.Debug|Mixed Platforms.ActiveCfg = Debug|Win32
		{D0C474AC-3836-47E9-BDA3-05B4DC9CF60D}.Debug|Mixed Platforms.Build.0 = Debug|Win32
		{D0C474AC-3836-47E9-BDA3-05B4DC9CF60D}.Debug|Win32.ActiveCfg = Debug|Win32
		{D0C474AC-3836-47E9-BDA3-05B4DC9CF60D}.Debug|Win32.Build.0 = Debug|Win32
		{D0C474AC-3836-47E9-BDA3-05B4DC9CF60D}.Debug|x86.ActiveCfg = Debug|Win32
		{D0C474AC-3836-47E9-BDA3-05B4DC9CF60D}.Debug|x86.Build.0 = Debug|Win32
		{D0C474AC-3836-47E9-BDA3-05B4DC9CF60D}.Release|Any CPU.ActiveCfg = Release|Win32
		{D0C474AC-3836-47E9-BDA3-05B4DC9CF60D}.Release|ARM.ActiveCfg = Release|Win32
		{D0C474AC-3836-47E9-BDA3-05B4DC9CF60D}.Release|Mixed Platforms.ActiveCfg = Release|Win32
		{D0C474AC-3836-47E9-BDA3-05B4DC9CF60D}.Release|Mixed Platforms.Build.0 = Release|Win32
		{D0C474AC-3836-47E9-BDA3-05B4DC9CF60D}.Release|Win32.ActiveCfg = Release|Win32
		{D0C474AC-3836-47E9-BDA3-05B4DC9CF60D}.Release|Win32.Build.0 = Release|Win32
		{D0C474AC-3836-47E9-BDA3-05B4DC9CF60D}.Release|x86.ActiveCfg = Release|Win32
		{D0C474AC-3836-47E9-BDA3-05B4DC9CF60D}.Release|x86.Build.0 = Release|Win32
		{31DB4F06-CC3F-4F4D-8178-A84E9462BDEF}.Debug|Any CPU.ActiveCfg = Debug|Any CPU
		{31DB4F06-CC3F-4F4D-8178-A84E9462BDEF}.Debug|Any CPU.Build.0 = Debug|Any CPU
		{31DB4F06-CC3F-4F4D-8178-A84E9462BDEF}.Debug|ARM.ActiveCfg = Debug|Any CPU
		{31DB4F06-CC3F-4F4D-8178-A84E9462BDEF}.Debug|Mixed Platforms.ActiveCfg = Debug|Any CPU
		{31DB4F06-CC3F-4F4D-8178-A84E9462BDEF}.Debug|Mixed Platforms.Build.0 = Debug|Any CPU
		{31DB4F06-CC3F-4F4D-8178-A84E9462BDEF}.Debug|Win32.ActiveCfg = Debug|Any CPU
		{31DB4F06-CC3F-4F4D-8178-A84E9462BDEF}.Debug|x86.ActiveCfg = Debug|Any CPU
		{31DB4F06-CC3F-4F4D-8178-A84E9462BDEF}.Release|Any CPU.ActiveCfg = Release|Any CPU
		{31DB4F06-CC3F-4F4D-8178-A84E9462BDEF}.Release|Any CPU.Build.0 = Release|Any CPU
		{31DB4F06-CC3F-4F4D-8178-A84E9462BDEF}.Release|ARM.ActiveCfg = Release|Any CPU
		{31DB4F06-CC3F-4F4D-8178-A84E9462BDEF}.Release|Mixed Platforms.ActiveCfg = Release|Any CPU
		{31DB4F06-CC3F-4F4D-8178-A84E9462BDEF}.Release|Mixed Platforms.Build.0 = Release|Any CPU
		{31DB4F06-CC3F-4F4D-8178-A84E9462BDEF}.Release|Win32.ActiveCfg = Release|Any CPU
		{31DB4F06-CC3F-4F4D-8178-A84E9462BDEF}.Release|x86.ActiveCfg = Release|Any CPU
	EndGlobalSection
	GlobalSection(SolutionProperties) = preSolution
		HideSolutionNode = FALSE
	EndGlobalSection
EndGlobal
